
Microsoft Visual Studio Solution File, Format Version 12.00
# Visual Studio Version 17
VisualStudioVersion = 17.7.34024.191
MinimumVisualStudioVersion = 10.0.40219.1
Project("{FAE04EC0-301F-11D3-BF4B-00C04F79EFBC}") = "AccountRegistration", "AccountRegistration\AccountRegistration.csproj", "{7BA93EB9-9537-48CC-A909-D1AAB92CA2E5}"
EndProject
Global
	GlobalSection(SolutionConfigurationPlatforms) = preSolution
		Debug|Any CPU = Debug|Any CPU
		Release|Any CPU = Release|Any CPU
	EndGlobalSection
	GlobalSection(ProjectConfigurationPlatforms) = postSolution
		{7BA93EB9-9537-48CC-A909-D1AAB92CA2E5}.Debug|Any CPU.ActiveCfg = Debug|Any CPU
		{7BA93EB9-9537-48CC-A909-D1AAB92CA2E5}.Debug|Any CPU.Build.0 = Debug|Any CPU
		{7BA93EB9-9537-48CC-A909-D1AAB92CA2E5}.Release|Any CPU.ActiveCfg = Release|Any CPU
		{7BA93EB9-9537-48CC-A909-D1AAB92CA2E5}.Release|Any CPU.Build.0 = Release|Any CPU
	EndGlobalSection
	GlobalSection(SolutionProperties) = preSolution
		HideSolutionNode = FALSE
	EndGlobalSection
	GlobalSection(ExtensibilityGlobals) = postSolution
		SolutionGuid = {149ECB7B-9FDF-4BFF-B73D-0D4939A86688}
	EndGlobalSection
EndGlobal
